
Microsoft Visual Studio Solution File, Format Version 12.00
# Visual Studio 15
VisualStudioVersion = 15.0.28307.902
MinimumVisualStudioVersion = 10.0.40219.1
Project("{D2ABAB84-BF74-430A-B69E-9DC6D40DDA17}") = "DataMining_DOAN", "DataMining_DOAN\DataMining_DOAN.dwproj", "{C83EED10-F3E4-4F0D-A502-1B135CAEDA6B}"
EndProject
Global
	GlobalSection(SolutionConfigurationPlatforms) = preSolution
		Development|Default = Development|Default
	EndGlobalSection
	GlobalSection(ProjectConfigurationPlatforms) = postSolution
		{C83EED10-F3E4-4F0D-A502-1B135CAEDA6B}.Development|Default.ActiveCfg = Development
		{C83EED10-F3E4-4F0D-A502-1B135CAEDA6B}.Development|Default.Build.0 = Development
		{C83EED10-F3E4-4F0D-A502-1B135CAEDA6B}.Development|Default.Deploy.0 = Development
	EndGlobalSection
	GlobalSection(SolutionProperties) = preSolution
		HideSolutionNode = FALSE
	EndGlobalSection
	GlobalSection(ExtensibilityGlobals) = postSolution
		SolutionGuid = {A2C7CB0D-A669-4B33-B848-3A06517E5BCB}
	EndGlobalSection
EndGlobal
